
Microsoft Visual Studio Solution File, Format Version 12.00
# Visual Studio 15
VisualStudioVersion = 15.0.27130.2036
MinimumVisualStudioVersion = 10.0.40219.1
Project("{FAE04EC0-301F-11D3-BF4B-00C04F79EFBC}") = "Informa.Agri.Pmd.Ai.Importer", "Informa.Agri.Pmd.Ai.Importer\Informa.Agri.Pmd.Ai.Importer.csproj", "{8E371F3E-BAC2-4337-8AAF-3E3B071EA71D}"
EndProject
Global
	GlobalSection(SolutionConfigurationPlatforms) = preSolution
		Debug|Any CPU = Debug|Any CPU
		Release|Any CPU = Release|Any CPU
	EndGlobalSection
	GlobalSection(ProjectConfigurationPlatforms) = postSolution
		{8E371F3E-BAC2-4337-8AAF-3E3B071EA71D}.Debug|Any CPU.ActiveCfg = Debug|Any CPU
		{8E371F3E-BAC2-4337-8AAF-3E3B071EA71D}.Debug|Any CPU.Build.0 = Debug|Any CPU
		{8E371F3E-BAC2-4337-8AAF-3E3B071EA71D}.Release|Any CPU.ActiveCfg = Release|Any CPU
		{8E371F3E-BAC2-4337-8AAF-3E3B071EA71D}.Release|Any CPU.Build.0 = Release|Any CPU
	EndGlobalSection
	GlobalSection(SolutionProperties) = preSolution
		HideSolutionNode = FALSE
	EndGlobalSection
	GlobalSection(ExtensibilityGlobals) = postSolution
		SolutionGuid = {BD0A7912-E822-440C-A923-BEF28FE5D4C8}
	EndGlobalSection
EndGlobal
